<?xml version="1.0" encoding="utf-8"?>
<Project ToolsVersion="4.0" xmlns="http://schemas.microsoft.com/developer/msbuild/2003">
  <ItemGroup>
    <ClCompile Include="Source\Scene\LoadingScene.cpp" />
    <ClCompile Include="Source\Scene\SceneManager.cpp" />
    <ClCompile Include="Source\Components\CarouselMovement.cpp" />
    <ClCompile Include="Source\Components\DebugMovement.cpp" />
    <ClCompile Include="Source\Components\FinishPoint.cpp" />
    <ClCompile Include="Source\Components\ForceDebug.cpp" />
    <ClCompile Include="Source\Components\ModelRenderer.cpp" />
    <ClCompile Include="Source\Components\BoxCollider.cpp" />
    <ClCompile Include="Source\Components\AABB.cpp" />
    <ClCompile Include="Source\Components\AABB2D.cpp" />
    <ClCompile Include="Source\Components\Ahri.cpp" />
    <ClCompile Include="Source\Components\BoundingCircle.cpp" />
    <ClCompile Include="Source\Components\BoundingSphere.cpp" />
    <ClCompile Include="Source\Components\BoundingVolume.cpp" />
    <ClCompile Include="Source\Components\BoundingVolume2D.cpp" />
    <ClCompile Include="Source\Components\BoxCollider2D.cpp" />
    <ClCompile Include="Source\Components\Camera.cpp" />
    <ClCompile Include="Source\Components\CameraController.cpp" />
    <ClCompile Include="Source\Components\CircleCollider2D.cpp" />
    <ClCompile Include="Source\Components\Collider.cpp" />
    <ClCompile Include="Source\Components\Collider2D.cpp" />
    <ClCompile Include="Source\Components\Component.cpp" />
    <ClCompile Include="Source\Components\CoveringRock.cpp" />
    <ClCompile Include="Source\Components\Droppable.cpp" />
    <ClCompile Include="Source\Components\Interactable.cpp" />
    <ClCompile Include="Source\Components\InteractButton.cpp" />
    <ClCompile Include="Source\Components\Light.cpp" />
    <ClCompile Include="Source\Components\MeshFilter.cpp" />
    <ClCompile Include="Source\Components\MeshRenderer.cpp" />
    <ClCompile Include="Source\Components\OBB2D.cpp" />
    <ClCompile Include="Source\Components\PanningCameraController.cpp" />
    <ClCompile Include="Source\Components\PlayerCameraController.cpp" />
    <ClCompile Include="Source\Components\PlayerController.cpp" />
    <ClCompile Include="Source\Components\PlayerMovement.cpp" />
    <ClCompile Include="Source\Components\PolygonCollider2D.cpp" />
    <ClCompile Include="Source\Components\Ray.cpp" />
    <ClCompile Include="Source\Components\RayVolume.cpp" />
    <ClCompile Include="Source\Components\Renderer.cpp" />
    <ClCompile Include="Source\Components\RigidBody.cpp" />
    <ClCompile Include="Source\Components\RigidBody2D.cpp" />
    <ClCompile Include="Source\Components\Skybox.cpp" />
    <ClCompile Include="Source\Components\SphereCollider.cpp" />
    <ClCompile Include="Source\Components\SpotlightController.cpp" />
    <ClCompile Include="Source\Components\Talkable.cpp" />
    <ClCompile Include="Source\Components\Terrain.cpp" />
    <ClCompile Include="Source\Components\TerrainCollider.cpp" />
    <ClCompile Include="Source\Components\TerrainVolume.cpp" />
    <ClCompile Include="Source\Components\Text.cpp" />
    <ClCompile Include="Source\Components\ThrowableRock.cpp" />
    <ClCompile Include="Source\Components\Transform.cpp" />
    <ClCompile Include="Source\Components\UIRenderer.cpp" />
    <ClCompile Include="Source\Core\Application.cpp" />
    <ClCompile Include="Source\Core\Layer.cpp" />
    <ClCompile Include="Source\Core\LayerStack.cpp" />
    <ClCompile Include="Source\Core\Log.cpp" />
    <ClCompile Include="Source\Core\Window.cpp" />
    <ClCompile Include="Source\glad.c" />
    <ClCompile Include="Source\Physics\ColliderManager.cpp" />
    <ClCompile Include="Source\Physics\Collision.cpp" />
    <ClCompile Include="Source\Physics\Collision2D.cpp" />
    <ClCompile Include="Source\Physics\Contact.cpp" />
    <ClCompile Include="Source\Renderer\Material.cpp" />
    <ClCompile Include="Source\Renderer\Mesh.cpp" />
    <ClCompile Include="Source\Renderer\MeshBuilder.cpp" />
    <ClCompile Include="Source\Renderer\SceneRenderer.cpp" />
    <ClCompile Include="Source\Renderer\Shader.cpp" />
    <ClCompile Include="Source\Renderer\ShaderLibrary.cpp" />
    <ClCompile Include="Source\Renderer\Texture.cpp" />
    <ClCompile Include="Source\Renderer\UniformBuffer.cpp" />
    <ClCompile Include="Source\Scene\BumperCarScene.cpp" />
    <ClCompile Include="Source\Scene\DebugScene.cpp" />
    <ClCompile Include="Source\Scene\GameObject.cpp" />
    <ClCompile Include="Source\Scene\JungleScene.cpp" />
    <ClCompile Include="Source\main.cpp" />
    <ClCompile Include="Source\Scene\MainScene.cpp" />
    <ClCompile Include="Source\Scene\SceneLayer.cpp" />
    <ClCompile Include="Source\Utils\Font.cpp" />
    <ClCompile Include="Source\Utils\Input.cpp" />
    <ClCompile Include="Source\Utils\LoadOBJ.cpp" />
    <ClCompile Include="Source\Utils\LoadTGA.cpp" />
    <ClCompile Include="Source\Utils\TextureManager.cpp" />
    <ClCompile Include="Source\Components\Portal.cpp" />
    <ClCompile Include="Source\Components\BumperCarController.cpp" />
    <ClCompile Include="Source\Scene\MainMenuScene.cpp" />
    <ClCompile Include="Source\Components\Confetti.cpp" />
  </ItemGroup>
  <ItemGroup>
    <ClCompile Include="Source\main.cpp">
      <Filter>Source Files</Filter>
    </ClCompile>
    <ClCompile Include="Source\Components\AABB.cpp">
      <Filter>Source Files</Filter>
    </ClCompile>
    <ClCompile Include="Source\Components\AABB2D.cpp">
      <Filter>Source Files</Filter>
    </ClCompile>
    <ClCompile Include="Source\Components\Ahri.cpp">
      <Filter>Source Files</Filter>
    </ClCompile>
    <ClCompile Include="Source\Components\BoundingCircle.cpp">
      <Filter>Source Files</Filter>
    </ClCompile>
    <ClCompile Include="Source\Components\BoundingSphere.cpp">
      <Filter>Source Files</Filter>
    </ClCompile>
    <ClCompile Include="Source\Components\BoundingVolume.cpp">
      <Filter>Source Files</Filter>
    </ClCompile>
    <ClCompile Include="Source\Components\BoundingVolume2D.cpp">
      <Filter>Source Files</Filter>
    </ClCompile>
    <ClCompile Include="Source\Components\BoxCollider2D.cpp">
      <Filter>Source Files</Filter>
    </ClCompile>
    <ClCompile Include="Source\Components\Camera.cpp">
      <Filter>Source Files</Filter>
    </ClCompile>
    <ClCompile Include="Source\Components\CameraController.cpp">
      <Filter>Source Files</Filter>
    </ClCompile>
    <ClCompile Include="Source\Components\CircleCollider2D.cpp">
      <Filter>Source Files</Filter>
    </ClCompile>
    <ClCompile Include="Source\Components\Collider.cpp">
      <Filter>Source Files</Filter>
    </ClCompile>
    <ClCompile Include="Source\Components\Collider2D.cpp">
      <Filter>Source Files</Filter>
    </ClCompile>
    <ClCompile Include="Source\Components\Component.cpp">
      <Filter>Source Files</Filter>
    </ClCompile>
    <ClCompile Include="Source\Components\CoveringRock.cpp">
      <Filter>Source Files</Filter>
    </ClCompile>
    <ClCompile Include="Source\Components\Droppable.cpp">
      <Filter>Source Files</Filter>
    </ClCompile>
    <ClCompile Include="Source\Components\Interactable.cpp">
      <Filter>Source Files</Filter>
    </ClCompile>
    <ClCompile Include="Source\Components\InteractButton.cpp">
      <Filter>Source Files</Filter>
    </ClCompile>
    <ClCompile Include="Source\Components\Light.cpp">
      <Filter>Source Files</Filter>
    </ClCompile>
    <ClCompile Include="Source\Components\MeshFilter.cpp">
      <Filter>Source Files</Filter>
    </ClCompile>
    <ClCompile Include="Source\Components\MeshRenderer.cpp">
      <Filter>Source Files</Filter>
    </ClCompile>
    <ClCompile Include="Source\Components\OBB2D.cpp">
      <Filter>Source Files</Filter>
    </ClCompile>
    <ClCompile Include="Source\Components\PanningCameraController.cpp">
      <Filter>Source Files</Filter>
    </ClCompile>
    <ClCompile Include="Source\Components\PlayerCameraController.cpp">
      <Filter>Source Files</Filter>
    </ClCompile>
    <ClCompile Include="Source\Components\PlayerController.cpp">
      <Filter>Source Files</Filter>
    </ClCompile>
    <ClCompile Include="Source\Components\PlayerMovement.cpp">
      <Filter>Source Files</Filter>
    </ClCompile>
    <ClCompile Include="Source\Components\PolygonCollider2D.cpp">
      <Filter>Source Files</Filter>
    </ClCompile>
    <ClCompile Include="Source\Components\Ray.cpp">
      <Filter>Source Files</Filter>
    </ClCompile>
    <ClCompile Include="Source\Components\RayVolume.cpp">
      <Filter>Source Files</Filter>
    </ClCompile>
    <ClCompile Include="Source\Components\Renderer.cpp">
      <Filter>Source Files</Filter>
    </ClCompile>
    <ClCompile Include="Source\Components\RigidBody.cpp">
      <Filter>Source Files</Filter>
    </ClCompile>
    <ClCompile Include="Source\Components\RigidBody2D.cpp">
      <Filter>Source Files</Filter>
    </ClCompile>
    <ClCompile Include="Source\Components\Skybox.cpp">
      <Filter>Source Files</Filter>
    </ClCompile>
    <ClCompile Include="Source\Components\SphereCollider.cpp">
      <Filter>Source Files</Filter>
    </ClCompile>
    <ClCompile Include="Source\Components\SpotlightController.cpp">
      <Filter>Source Files</Filter>
    </ClCompile>
    <ClCompile Include="Source\Components\Talkable.cpp">
      <Filter>Source Files</Filter>
    </ClCompile>
    <ClCompile Include="Source\Components\Terrain.cpp">
      <Filter>Source Files</Filter>
    </ClCompile>
    <ClCompile Include="Source\Components\TerrainCollider.cpp">
      <Filter>Source Files</Filter>
    </ClCompile>
    <ClCompile Include="Source\Components\TerrainVolume.cpp">
      <Filter>Source Files</Filter>
    </ClCompile>
    <ClCompile Include="Source\Components\Text.cpp">
      <Filter>Source Files</Filter>
    </ClCompile>
    <ClCompile Include="Source\Components\ThrowableRock.cpp">
      <Filter>Source Files</Filter>
    </ClCompile>
    <ClCompile Include="Source\Components\Transform.cpp">
      <Filter>Source Files</Filter>
    </ClCompile>
    <ClCompile Include="Source\Components\UIRenderer.cpp">
      <Filter>Source Files</Filter>
    </ClCompile>
    <ClCompile Include="Source\Core\Application.cpp">
      <Filter>Source Files</Filter>
    </ClCompile>
    <ClCompile Include="Source\Physics\ColliderManager.cpp">
      <Filter>Source Files</Filter>
    </ClCompile>
    <ClCompile Include="Source\Physics\Collision.cpp">
      <Filter>Source Files</Filter>
    </ClCompile>
    <ClCompile Include="Source\Physics\Collision2D.cpp">
      <Filter>Source Files</Filter>
    </ClCompile>
    <ClCompile Include="Source\Physics\Contact.cpp">
      <Filter>Source Files</Filter>
    </ClCompile>
    <ClCompile Include="Source\Renderer\Material.cpp">
      <Filter>Source Files</Filter>
    </ClCompile>
    <ClCompile Include="Source\Renderer\Mesh.cpp">
      <Filter>Source Files</Filter>
    </ClCompile>
    <ClCompile Include="Source\Renderer\MeshBuilder.cpp">
      <Filter>Source Files</Filter>
    </ClCompile>
    <ClCompile Include="Source\Renderer\SceneRenderer.cpp">
      <Filter>Source Files</Filter>
    </ClCompile>
    <ClCompile Include="Source\Renderer\Shader.cpp">
      <Filter>Source Files</Filter>
    </ClCompile>
    <ClCompile Include="Source\Renderer\ShaderLibrary.cpp">
      <Filter>Source Files</Filter>
    </ClCompile>
    <ClCompile Include="Source\Renderer\Texture.cpp">
      <Filter>Source Files</Filter>
    </ClCompile>
    <ClCompile Include="Source\Renderer\UniformBuffer.cpp">
      <Filter>Source Files</Filter>
    </ClCompile>
    <ClCompile Include="Source\Scene\GameObject.cpp">
      <Filter>Source Files</Filter>
    </ClCompile>
    <ClCompile Include="Source\Scene\JungleScene.cpp">
      <Filter>Source Files</Filter>
    </ClCompile>
    <ClCompile Include="Source\Utils\Font.cpp">
      <Filter>Source Files</Filter>
    </ClCompile>
    <ClCompile Include="Source\Utils\Input.cpp">
      <Filter>Source Files</Filter>
    </ClCompile>
    <ClCompile Include="Source\Utils\LoadOBJ.cpp">
      <Filter>Source Files</Filter>
    </ClCompile>
    <ClCompile Include="Source\Utils\LoadTGA.cpp">
      <Filter>Source Files</Filter>
    </ClCompile>
    <ClCompile Include="Source\Core\Log.cpp">
      <Filter>Source Files</Filter>
    </ClCompile>
    <ClCompile Include="Source\Core\Layer.cpp">
      <Filter>Source Files</Filter>
    </ClCompile>
    <ClCompile Include="Source\Core\LayerStack.cpp">
      <Filter>Source Files</Filter>
    </ClCompile>
    <ClCompile Include="Source\Core\Window.cpp">
      <Filter>Source Files</Filter>
    </ClCompile>
    <ClCompile Include="Source\Scene\SceneLayer.cpp">
      <Filter>Source Files</Filter>
    </ClCompile>
    <ClCompile Include="Source\glad.c">
      <Filter>Source Files</Filter>
    </ClCompile>
    <ClCompile Include="Source\Scene\BottleThrowScene.cpp">
      <Filter>Source Files</Filter>
    </ClCompile>
    <ClCompile Include="Source\Scene\MainScene.cpp">
      <Filter>Source Files</Filter>
    </ClCompile>
    <ClCompile Include="Source\Scene\DebugScene.cpp">
      <Filter>Source Files</Filter>
    </ClCompile>
    <ClCompile Include="Source\Components\ModelRenderer.cpp">
      <Filter>Source Files</Filter>
    </ClCompile>
    <ClCompile Include="Source\Components\BoxCollider.cpp">
      <Filter>Source Files</Filter>
    </ClCompile>
    <ClCompile Include="Source\Scene\BumperCarScene.cpp">
      <Filter>Source Files</Filter>
    </ClCompile>
    <ClCompile Include="Source\Components\ForceDebug.cpp">
      <Filter>Source Files</Filter>
    </ClCompile>
    <ClCompile Include="Source\Components\DebugMovement.cpp">
      <Filter>Source Files</Filter>
    </ClCompile>
    <ClCompile Include="Source\Components\CarouselMovement.cpp">
      <Filter>Source Files</Filter>
    </ClCompile>
    <ClCompile Include="Source\Components\FinishPoint.cpp">
      <Filter>Source Files</Filter>
    </ClCompile>
    <ClCompile Include="Source\Components\StallFloor.cpp">
      <Filter>Source Files</Filter>
    </ClCompile>
    <ClCompile Include="Source\Scene\ArcadeScene.cpp">
      <Filter>Source Files</Filter>
    </ClCompile>
    <ClCompile Include="Source\Components\ClawMachineController.cpp">
      <Filter>Source Files</Filter>
    </ClCompile>
    <ClCompile Include="Source\Scene\SceneManager.cpp">
      <Filter>Source Files</Filter>
    </ClCompile>
    <ClCompile Include="Source\Scene\LoadingScene.cpp">
      <Filter>Source Files</Filter>
    </ClCompile>
    <ClCompile Include="Source\Utils\TextureManager.cpp">
      <Filter>Source Files</Filter>
    </ClCompile>
    <ClCompile Include="Source\Scene\PoolTableScene.cpp">
      <Filter>Source Files</Filter>
    </ClCompile>
  </ItemGroup>
  <ItemGroup>
    <ClInclude Include="Source\Components\AABB.h">
      <Filter>Header Files</Filter>
    </ClInclude>
    <ClInclude Include="Source\Components\AABB2D.h">
      <Filter>Header Files</Filter>
    </ClInclude>
    <ClInclude Include="Source\Components\Ahri.h">
      <Filter>Header Files</Filter>
    </ClInclude>
    <ClInclude Include="Source\Components\BoundingCircle.h">
      <Filter>Header Files</Filter>
    </ClInclude>
    <ClInclude Include="Source\Components\BoundingSphere.h">
      <Filter>Header Files</Filter>
    </ClInclude>
    <ClInclude Include="Source\Components\BoundingVolume.h">
      <Filter>Header Files</Filter>
    </ClInclude>
    <ClInclude Include="Source\Components\BoundingVolume2D.h">
      <Filter>Header Files</Filter>
    </ClInclude>
    <ClInclude Include="Source\Components\BoxCollider2D.h">
      <Filter>Header Files</Filter>
    </ClInclude>
    <ClInclude Include="Source\Components\Camera.h">
      <Filter>Header Files</Filter>
    </ClInclude>
    <ClInclude Include="Source\Components\CameraController.h">
      <Filter>Header Files</Filter>
    </ClInclude>
    <ClInclude Include="Source\Components\CircleCollider2D.h">
      <Filter>Header Files</Filter>
    </ClInclude>
    <ClInclude Include="Source\Components\Collider.h">
      <Filter>Header Files</Filter>
    </ClInclude>
    <ClInclude Include="Source\Components\Collider2D.h">
      <Filter>Header Files</Filter>
    </ClInclude>
    <ClInclude Include="Source\Components\Component.h">
      <Filter>Header Files</Filter>
    </ClInclude>
    <ClInclude Include="Source\Components\CoveringRock.h">
      <Filter>Header Files</Filter>
    </ClInclude>
    <ClInclude Include="Source\Components\Droppable.h">
      <Filter>Header Files</Filter>
    </ClInclude>
    <ClInclude Include="Source\Components\Interactable.h">
      <Filter>Header Files</Filter>
    </ClInclude>
    <ClInclude Include="Source\Components\InteractButton.h">
      <Filter>Header Files</Filter>
    </ClInclude>
    <ClInclude Include="Source\Components\Light.h">
      <Filter>Header Files</Filter>
    </ClInclude>
    <ClInclude Include="Source\Components\MeshFilter.h">
      <Filter>Header Files</Filter>
    </ClInclude>
    <ClInclude Include="Source\Components\MeshRenderer.h">
      <Filter>Header Files</Filter>
    </ClInclude>
    <ClInclude Include="Source\Components\OBB2D.h">
      <Filter>Header Files</Filter>
    </ClInclude>
    <ClInclude Include="Source\Components\PanningCameraController.h">
      <Filter>Header Files</Filter>
    </ClInclude>
    <ClInclude Include="Source\Components\PlayerCameraController.h">
      <Filter>Header Files</Filter>
    </ClInclude>
    <ClInclude Include="Source\Components\PlayerController.h">
      <Filter>Header Files</Filter>
    </ClInclude>
    <ClInclude Include="Source\Components\PlayerMovement.h">
      <Filter>Header Files</Filter>
    </ClInclude>
    <ClInclude Include="Source\Components\PolygonCollider2D.h">
      <Filter>Header Files</Filter>
    </ClInclude>
    <ClInclude Include="Source\Components\Ray.h">
      <Filter>Header Files</Filter>
    </ClInclude>
    <ClInclude Include="Source\Components\RayVolume.h">
      <Filter>Header Files</Filter>
    </ClInclude>
    <ClInclude Include="Source\Components\Renderer.h">
      <Filter>Header Files</Filter>
    </ClInclude>
    <ClInclude Include="Source\Components\RigidBody.h">
      <Filter>Header Files</Filter>
    </ClInclude>
    <ClInclude Include="Source\Components\RigidBody2D.h">
      <Filter>Header Files</Filter>
    </ClInclude>
    <ClInclude Include="Source\Components\Skybox.h">
      <Filter>Header Files</Filter>
    </ClInclude>
    <ClInclude Include="Source\Components\SphereCollider.h">
      <Filter>Header Files</Filter>
    </ClInclude>
    <ClInclude Include="Source\Components\SpotlightController.h">
      <Filter>Header Files</Filter>
    </ClInclude>
    <ClInclude Include="Source\Components\Talkable.h">
      <Filter>Header Files</Filter>
    </ClInclude>
    <ClInclude Include="Source\Components\Terrain.h">
      <Filter>Header Files</Filter>
    </ClInclude>
    <ClInclude Include="Source\Components\TerrainCollider.h">
      <Filter>Header Files</Filter>
    </ClInclude>
    <ClInclude Include="Source\Components\TerrainVolume.h">
      <Filter>Header Files</Filter>
    </ClInclude>
    <ClInclude Include="Source\Components\Text.h">
      <Filter>Header Files</Filter>
    </ClInclude>
    <ClInclude Include="Source\Components\ThrowableRock.h">
      <Filter>Header Files</Filter>
    </ClInclude>
    <ClInclude Include="Source\Components\Transform.h">
      <Filter>Header Files</Filter>
    </ClInclude>
    <ClInclude Include="Source\Components\UIRenderer.h">
      <Filter>Header Files</Filter>
    </ClInclude>
    <ClInclude Include="Source\Core\Application.h">
      <Filter>Header Files</Filter>
    </ClInclude>
    <ClInclude Include="Source\Physics\ColliderManager.h">
      <Filter>Header Files</Filter>
    </ClInclude>
    <ClInclude Include="Source\Physics\Collision.h">
      <Filter>Header Files</Filter>
    </ClInclude>
    <ClInclude Include="Source\Physics\Collision2D.h">
      <Filter>Header Files</Filter>
    </ClInclude>
    <ClInclude Include="Source\Physics\Contact.h">
      <Filter>Header Files</Filter>
    </ClInclude>
    <ClInclude Include="Source\Renderer\Material.h">
      <Filter>Header Files</Filter>
    </ClInclude>
    <ClInclude Include="Source\Renderer\Mesh.h">
      <Filter>Header Files</Filter>
    </ClInclude>
    <ClInclude Include="Source\Renderer\MeshBuilder.h">
      <Filter>Header Files</Filter>
    </ClInclude>
    <ClInclude Include="Source\Renderer\SceneRenderer.h">
      <Filter>Header Files</Filter>
    </ClInclude>
    <ClInclude Include="Source\Renderer\shader.hpp">
      <Filter>Header Files</Filter>
    </ClInclude>
    <ClInclude Include="Source\Renderer\ShaderLibrary.h">
      <Filter>Header Files</Filter>
    </ClInclude>
    <ClInclude Include="Source\Renderer\Texture.h">
      <Filter>Header Files</Filter>
    </ClInclude>
    <ClInclude Include="Source\Renderer\UniformBuffer.h">
      <Filter>Header Files</Filter>
    </ClInclude>
    <ClInclude Include="Source\Utils\Vertex.h">
      <Filter>Header Files</Filter>
    </ClInclude>
    <ClInclude Include="Source\Utils\Font.h">
      <Filter>Header Files</Filter>
    </ClInclude>
    <ClInclude Include="Source\Utils\Input.h">
      <Filter>Header Files</Filter>
    </ClInclude>
    <ClInclude Include="Source\Utils\LoadOBJ.h">
      <Filter>Header Files</Filter>
    </ClInclude>
    <ClInclude Include="Source\Utils\LoadTGA.h">
      <Filter>Header Files</Filter>
    </ClInclude>
    <ClInclude Include="Source\Utils\Util.h">
      <Filter>Header Files</Filter>
    </ClInclude>
    <ClInclude Include="Source\Core\Core.h">
      <Filter>Header Files</Filter>
    </ClInclude>
    <ClInclude Include="Source\Core\Log.h">
      <Filter>Header Files</Filter>
    </ClInclude>
    <ClInclude Include="Source\Events\ApplicationEvent.h">
      <Filter>Header Files</Filter>
    </ClInclude>
    <ClInclude Include="Source\Events\Event.h">
      <Filter>Header Files</Filter>
    </ClInclude>
    <ClInclude Include="Source\Events\EventDispatcher.h">
      <Filter>Header Files</Filter>
    </ClInclude>
    <ClInclude Include="Source\Events\KeyEvent.h">
      <Filter>Header Files</Filter>
    </ClInclude>
    <ClInclude Include="Source\Events\MouseEvent.h">
      <Filter>Header Files</Filter>
    </ClInclude>
    <ClInclude Include="Source\Core\Layer.h">
      <Filter>Header Files</Filter>
    </ClInclude>
    <ClInclude Include="Source\Core\LayerStack.h">
      <Filter>Header Files</Filter>
    </ClInclude>
    <ClInclude Include="Source\Core\Window.h">
      <Filter>Header Files</Filter>
    </ClInclude>
    <ClInclude Include="Source\Core\Timestep.h">
      <Filter>Header Files</Filter>
    </ClInclude>
    <ClInclude Include="Source\Scene\JungleScene.h">
      <Filter>Header Files</Filter>
    </ClInclude>
    <ClInclude Include="Source\Scene\Scene.h">
      <Filter>Header Files</Filter>
    </ClInclude>
    <ClInclude Include="Source\Scene\GameObject.h">
      <Filter>Header Files</Filter>
    </ClInclude>
    <ClInclude Include="Source\Scene\SceneLayer.h">
      <Filter>Header Files</Filter>
    </ClInclude>
    <ClInclude Include="Source\Renderer\Shader.h">
      <Filter>Header Files</Filter>
    </ClInclude>
    <ClInclude Include="Source\Scene\BottleThrowScene.h">
      <Filter>Header Files</Filter>
    </ClInclude>
    <ClInclude Include="Source\Scene\MainScene.h">
      <Filter>Header Files</Filter>
    </ClInclude>
    <ClInclude Include="Source\Scene\DebugScene.h">
      <Filter>Header Files</Filter>
    </ClInclude>
    <ClInclude Include="Source\Components\ModelRenderer.h">
      <Filter>Header Files</Filter>
    </ClInclude>
    <ClInclude Include="Source\Components\BoxCollider.h">
      <Filter>Header Files</Filter>
    </ClInclude>
    <ClInclude Include="Source\Scene\BumperCarScene.h">
      <Filter>Header Files</Filter>
    </ClInclude>
    <ClInclude Include="Source\Components\ForceDebug.h">
      <Filter>Header Files</Filter>
    </ClInclude>
    <ClInclude Include="Source\Components\DebugMovement.h">
      <Filter>Header Files</Filter>
    </ClInclude>
    <ClInclude Include="Source\Components\CarouselMovement.h">
      <Filter>Header Files</Filter>
    </ClInclude>
    <ClInclude Include="Source\Components\FinishPoint.h">
      <Filter>Header Files</Filter>
    </ClInclude>
    <ClInclude Include="Source\Components\StallFloor.h">
      <Filter>Header Files</Filter>
    </ClInclude>
    <ClInclude Include="Source\Scene\ArcadeScene.h">
      <Filter>Header Files</Filter>
    </ClInclude>
    <ClInclude Include="Source\Components\ClawMachineController.h">
      <Filter>Header Files</Filter>
    </ClInclude>
    <ClInclude Include="Source\Scene\PoolTableScene.h">
      <Filter>Header Files</Filter>
    </ClInclude>
    <ClInclude Include="Source\Scene\SceneManager.h">
      <Filter>Header Files</Filter>
    </ClInclude>
    <ClInclude Include="Source\Scene\LoadingScene.h">
      <Filter>Header Files</Filter>
    </ClInclude>
    <ClInclude Include="Source\Utils\TextureManager.h">
      <Filter>Header Files</Filter>
    </ClInclude>
    <ClInclude Include="Source\Scene\LoadingScene.h" />
    <ClInclude Include="Source\Scene\SceneManager.h" />
    <ClInclude Include="Source\Components\CarouselMovement.h" />
    <ClInclude Include="Source\Components\DebugMovement.h" />
    <ClInclude Include="Source\Components\FinishPoint.h" />
    <ClInclude Include="Source\Components\ForceDebug.h" />
    <ClInclude Include="Source\Components\ModelRenderer.h" />
    <ClInclude Include="Source\Components\BoxCollider.h" />
    <ClInclude Include="Source\Components\AABB.h" />
    <ClInclude Include="Source\Components\AABB2D.h" />
    <ClInclude Include="Source\Components\Ahri.h" />
    <ClInclude Include="Source\Components\BoundingCircle.h" />
    <ClInclude Include="Source\Components\BoundingSphere.h" />
    <ClInclude Include="Source\Components\BoundingVolume.h" />
    <ClInclude Include="Source\Components\BoundingVolume2D.h" />
    <ClInclude Include="Source\Components\BoxCollider2D.h" />
    <ClInclude Include="Source\Components\Camera.h" />
    <ClInclude Include="Source\Components\CameraController.h" />
    <ClInclude Include="Source\Components\CircleCollider2D.h" />
    <ClInclude Include="Source\Components\Collider.h" />
    <ClInclude Include="Source\Components\Collider2D.h" />
    <ClInclude Include="Source\Components\Component.h" />
    <ClInclude Include="Source\Components\CoveringRock.h" />
    <ClInclude Include="Source\Components\Droppable.h" />
    <ClInclude Include="Source\Components\Interactable.h" />
    <ClInclude Include="Source\Components\InteractButton.h" />
    <ClInclude Include="Source\Components\Light.h" />
    <ClInclude Include="Source\Components\MeshFilter.h" />
    <ClInclude Include="Source\Components\MeshRenderer.h" />
    <ClInclude Include="Source\Components\OBB2D.h" />
    <ClInclude Include="Source\Components\PanningCameraController.h" />
    <ClInclude Include="Source\Components\PlayerCameraController.h" />
    <ClInclude Include="Source\Components\PlayerController.h" />
    <ClInclude Include="Source\Components\PlayerMovement.h" />
    <ClInclude Include="Source\Components\PolygonCollider2D.h" />
    <ClInclude Include="Source\Components\Ray.h" />
    <ClInclude Include="Source\Components\RayVolume.h" />
    <ClInclude Include="Source\Components\Renderer.h" />
    <ClInclude Include="Source\Components\RigidBody.h" />
    <ClInclude Include="Source\Components\RigidBody2D.h" />
    <ClInclude Include="Source\Components\Skybox.h" />
    <ClInclude Include="Source\Components\SphereCollider.h" />
    <ClInclude Include="Source\Components\SpotlightController.h" />
    <ClInclude Include="Source\Components\Talkable.h" />
    <ClInclude Include="Source\Components\Terrain.h" />
    <ClInclude Include="Source\Components\TerrainCollider.h" />
    <ClInclude Include="Source\Components\TerrainVolume.h" />
    <ClInclude Include="Source\Components\Text.h" />
    <ClInclude Include="Source\Components\ThrowableRock.h" />
    <ClInclude Include="Source\Components\Transform.h" />
    <ClInclude Include="Source\Components\UIRenderer.h" />
    <ClInclude Include="Source\Core\Application.h" />
    <ClInclude Include="Source\Core\Core.h" />
    <ClInclude Include="Source\Core\Layer.h" />
    <ClInclude Include="Source\Core\LayerStack.h" />
    <ClInclude Include="Source\Core\Log.h" />
    <ClInclude Include="Source\Core\Timestep.h" />
    <ClInclude Include="Source\Core\Window.h" />
    <ClInclude Include="Source\Events\ApplicationEvent.h" />
    <ClInclude Include="Source\Events\Event.h" />
    <ClInclude Include="Source\Events\EventDispatcher.h" />
    <ClInclude Include="Source\Events\KeyEvent.h" />
    <ClInclude Include="Source\Events\MouseEvent.h" />
    <ClInclude Include="Source\Physics\ColliderManager.h" />
    <ClInclude Include="Source\Physics\Collision.h" />
    <ClInclude Include="Source\Physics\Collision2D.h" />
    <ClInclude Include="Source\Physics\Contact.h" />
    <ClInclude Include="Source\Renderer\Material.h" />
    <ClInclude Include="Source\Renderer\Mesh.h" />
    <ClInclude Include="Source\Renderer\MeshBuilder.h" />
    <ClInclude Include="Source\Renderer\SceneRenderer.h" />
    <ClInclude Include="Source\Renderer\Shader.h" />
    <ClInclude Include="Source\Renderer\shader.hpp" />
    <ClInclude Include="Source\Renderer\ShaderLibrary.h" />
    <ClInclude Include="Source\Renderer\Texture.h" />
    <ClInclude Include="Source\Renderer\UniformBuffer.h" />
    <ClInclude Include="Source\Scene\BumperCarScene.h" />
    <ClInclude Include="Source\Scene\DebugScene.h" />
    <ClInclude Include="Source\Scene\GameObject.h" />
    <ClInclude Include="Source\Scene\JungleScene.h" />
    <ClInclude Include="Source\Scene\MainScene.h" />
    <ClInclude Include="Source\Scene\Scene.h" />
    <ClInclude Include="Source\Scene\SceneLayer.h" />
    <ClInclude Include="Source\Utils\Font.h" />
    <ClInclude Include="Source\Utils\Input.h" />
    <ClInclude Include="Source\Utils\LoadOBJ.h" />
    <ClInclude Include="Source\Utils\LoadTGA.h" />
    <ClInclude Include="Source\Utils\TextureManager.h" />
    <ClInclude Include="Source\Utils\Util.h" />
    <ClInclude Include="Source\Utils\Vertex.h" />
    <ClInclude Include="Source\Components\Portal.h" />
    <ClInclude Include="Source\Components\BumperCarController.h" />
    <ClInclude Include="Source\Scene\MainMenuScene.h" />
    <ClInclude Include="Source\Components\Confetti.h" />
  </ItemGroup>
</Project>